
Microsoft Visual Studio Solution File, Format Version 12.00
# Visual Studio Version 17
VisualStudioVersion = 17.3.32929.385
MinimumVisualStudioVersion = 10.0.40219.1
Project("{FAE04EC0-301F-11D3-BF4B-00C04F79EFBC}") = "WindowsFormsAppPrincipal", "WindowsFormsAppPrincipal\WindowsFormsAppPrincipal.csproj", "{38EE3F6D-08A1-419D-94BF-677C479BD727}"
EndProject
Project("{FAE04EC0-301F-11D3-BF4B-00C04F79EFBC}") = "Models", "Models\Models.csproj", "{4C26BC63-7CB7-4F3A-AEBF-4055C074CCAD}"
EndProject
Project("{FAE04EC0-301F-11D3-BF4B-00C04F79EFBC}") = "DAL", "DAL\DAL.csproj", "{4AF2A35D-134D-4EBA-94C3-1486993EB0E1}"
EndProject
Project("{FAE04EC0-301F-11D3-BF4B-00C04F79EFBC}") = "BLL", "BLL\BLL.csproj", "{D0370134-5A50-4243-A341-297702996B4F}"
EndProject
Global
	GlobalSection(SolutionConfigurationPlatforms) = preSolution
		Debug|Any CPU = Debug|Any CPU
		Release|Any CPU = Release|Any CPU
	EndGlobalSection
	GlobalSection(ProjectConfigurationPlatforms) = postSolution
		{38EE3F6D-08A1-419D-94BF-677C479BD727}.Debug|Any CPU.ActiveCfg = Debug|Any CPU
		{38EE3F6D-08A1-419D-94BF-677C479BD727}.Debug|Any CPU.Build.0 = Debug|Any CPU
		{38EE3F6D-08A1-419D-94BF-677C479BD727}.Release|Any CPU.ActiveCfg = Release|Any CPU
		{38EE3F6D-08A1-419D-94BF-677C479BD727}.Release|Any CPU.Build.0 = Release|Any CPU
		{4C26BC63-7CB7-4F3A-AEBF-4055C074CCAD}.Debug|Any CPU.ActiveCfg = Debug|Any CPU
		{4C26BC63-7CB7-4F3A-AEBF-4055C074CCAD}.Debug|Any CPU.Build.0 = Debug|Any CPU
		{4C26BC63-7CB7-4F3A-AEBF-4055C074CCAD}.Release|Any CPU.ActiveCfg = Release|Any CPU
		{4C26BC63-7CB7-4F3A-AEBF-4055C074CCAD}.Release|Any CPU.Build.0 = Release|Any CPU
		{4AF2A35D-134D-4EBA-94C3-1486993EB0E1}.Debug|Any CPU.ActiveCfg = Debug|Any CPU
		{4AF2A35D-134D-4EBA-94C3-1486993EB0E1}.Debug|Any CPU.Build.0 = Debug|Any CPU
		{4AF2A35D-134D-4EBA-94C3-1486993EB0E1}.Release|Any CPU.ActiveCfg = Release|Any CPU
		{4AF2A35D-134D-4EBA-94C3-1486993EB0E1}.Release|Any CPU.Build.0 = Release|Any CPU
		{D0370134-5A50-4243-A341-297702996B4F}.Debug|Any CPU.ActiveCfg = Debug|Any CPU
		{D0370134-5A50-4243-A341-297702996B4F}.Debug|Any CPU.Build.0 = Debug|Any CPU
		{D0370134-5A50-4243-A341-297702996B4F}.Release|Any CPU.ActiveCfg = Release|Any CPU
		{D0370134-5A50-4243-A341-297702996B4F}.Release|Any CPU.Build.0 = Release|Any CPU
	EndGlobalSection
	GlobalSection(SolutionProperties) = preSolution
		HideSolutionNode = FALSE
	EndGlobalSection
	GlobalSection(ExtensibilityGlobals) = postSolution
		SolutionGuid = {25E42F27-7566-44D5-A8A5-9AE12FAA5D34}
	EndGlobalSection
EndGlobal
