
Microsoft Visual Studio Solution File, Format Version 12.00
# Visual Studio Version 17
VisualStudioVersion = 17.3.32929.385
MinimumVisualStudioVersion = 10.0.40219.1
Project("{FAE04EC0-301F-11D3-BF4B-00C04F79EFBC}") = "WindowsFormsApp1", "WindowsFormsApp1\WindowsFormsApp1.csproj", "{DB996F6F-FE09-4617-A1EF-07ECD8BE7033}"
EndProject
Project("{FAE04EC0-301F-11D3-BF4B-00C04F79EFBC}") = "BLL", "BLL\BLL.csproj", "{B6F3FB88-AC7A-44A4-8AA1-D1EB4A2A9F81}"
EndProject
Project("{FAE04EC0-301F-11D3-BF4B-00C04F79EFBC}") = "DAL", "DAL\DAL.csproj", "{A8AE1AE5-C47D-4F53-A225-8A925B200C19}"
EndProject
Project("{FAE04EC0-301F-11D3-BF4B-00C04F79EFBC}") = "MODELS", "MODELS\MODELS.csproj", "{D37D614C-806C-42DF-AF3E-652C04F5F4F9}"
EndProject
Global
	GlobalSection(SolutionConfigurationPlatforms) = preSolution
		Debug|Any CPU = Debug|Any CPU
		Release|Any CPU = Release|Any CPU
	EndGlobalSection
	GlobalSection(ProjectConfigurationPlatforms) = postSolution
		{DB996F6F-FE09-4617-A1EF-07ECD8BE7033}.Debug|Any CPU.ActiveCfg = Debug|Any CPU
		{DB996F6F-FE09-4617-A1EF-07ECD8BE7033}.Debug|Any CPU.Build.0 = Debug|Any CPU
		{DB996F6F-FE09-4617-A1EF-07ECD8BE7033}.Release|Any CPU.ActiveCfg = Release|Any CPU
		{DB996F6F-FE09-4617-A1EF-07ECD8BE7033}.Release|Any CPU.Build.0 = Release|Any CPU
		{B6F3FB88-AC7A-44A4-8AA1-D1EB4A2A9F81}.Debug|Any CPU.ActiveCfg = Debug|Any CPU
		{B6F3FB88-AC7A-44A4-8AA1-D1EB4A2A9F81}.Debug|Any CPU.Build.0 = Debug|Any CPU
		{B6F3FB88-AC7A-44A4-8AA1-D1EB4A2A9F81}.Release|Any CPU.ActiveCfg = Release|Any CPU
		{B6F3FB88-AC7A-44A4-8AA1-D1EB4A2A9F81}.Release|Any CPU.Build.0 = Release|Any CPU
		{A8AE1AE5-C47D-4F53-A225-8A925B200C19}.Debug|Any CPU.ActiveCfg = Debug|Any CPU
		{A8AE1AE5-C47D-4F53-A225-8A925B200C19}.Debug|Any CPU.Build.0 = Debug|Any CPU
		{A8AE1AE5-C47D-4F53-A225-8A925B200C19}.Release|Any CPU.ActiveCfg = Release|Any CPU
		{A8AE1AE5-C47D-4F53-A225-8A925B200C19}.Release|Any CPU.Build.0 = Release|Any CPU
		{D37D614C-806C-42DF-AF3E-652C04F5F4F9}.Debug|Any CPU.ActiveCfg = Debug|Any CPU
		{D37D614C-806C-42DF-AF3E-652C04F5F4F9}.Debug|Any CPU.Build.0 = Debug|Any CPU
		{D37D614C-806C-42DF-AF3E-652C04F5F4F9}.Release|Any CPU.ActiveCfg = Release|Any CPU
		{D37D614C-806C-42DF-AF3E-652C04F5F4F9}.Release|Any CPU.Build.0 = Release|Any CPU
	EndGlobalSection
	GlobalSection(SolutionProperties) = preSolution
		HideSolutionNode = FALSE
	EndGlobalSection
	GlobalSection(ExtensibilityGlobals) = postSolution
		SolutionGuid = {65EE7B1A-C535-4A13-BF8A-DE88CB78E9F2}
	EndGlobalSection
EndGlobal
